
Microsoft Visual Studio Solution File, Format Version 12.00
# Visual Studio 15
VisualStudioVersion = 15.0.28010.2050
MinimumVisualStudioVersion = 10.0.40219.1
Project("{9A19103F-16F7-4668-BE54-9A1E7A4F7556}") = "Belatrix.Repository", "Belatrix.Repository\Belatrix.Repository.csproj", "{292D8D9E-4EF9-4673-A21B-DBC988249145}"
EndProject
Project("{9A19103F-16F7-4668-BE54-9A1E7A4F7556}") = "Belatrix.Repository.SqlServer", "Belatrix.Repository.SqlServer\Belatrix.Repository.SqlServer.csproj", "{7DB7E779-E63D-48FA-938B-DAA735A8EEEF}"
EndProject
Project("{9A19103F-16F7-4668-BE54-9A1E7A4F7556}") = "Belatrix.WebApi", "Belatrix.WebApi\Belatrix.WebApi.csproj", "{63AC47EC-FDD6-4893-BF8C-938048209082}"
EndProject
Project("{FAE04EC0-301F-11D3-BF4B-00C04F79EFBC}") = "Belatrix.Models", "Belatrix.Models\Belatrix.Models.csproj", "{20E31AC3-D64B-4E78-BA7E-0CDEEA55AE54}"
EndProject
Global
	GlobalSection(SolutionConfigurationPlatforms) = preSolution
		Debug|Any CPU = Debug|Any CPU
		Release|Any CPU = Release|Any CPU
	EndGlobalSection
	GlobalSection(ProjectConfigurationPlatforms) = postSolution
		{292D8D9E-4EF9-4673-A21B-DBC988249145}.Debug|Any CPU.ActiveCfg = Debug|Any CPU
		{292D8D9E-4EF9-4673-A21B-DBC988249145}.Debug|Any CPU.Build.0 = Debug|Any CPU
		{292D8D9E-4EF9-4673-A21B-DBC988249145}.Release|Any CPU.ActiveCfg = Release|Any CPU
		{292D8D9E-4EF9-4673-A21B-DBC988249145}.Release|Any CPU.Build.0 = Release|Any CPU
		{7DB7E779-E63D-48FA-938B-DAA735A8EEEF}.Debug|Any CPU.ActiveCfg = Debug|Any CPU
		{7DB7E779-E63D-48FA-938B-DAA735A8EEEF}.Debug|Any CPU.Build.0 = Debug|Any CPU
		{7DB7E779-E63D-48FA-938B-DAA735A8EEEF}.Release|Any CPU.ActiveCfg = Release|Any CPU
		{7DB7E779-E63D-48FA-938B-DAA735A8EEEF}.Release|Any CPU.Build.0 = Release|Any CPU
		{63AC47EC-FDD6-4893-BF8C-938048209082}.Debug|Any CPU.ActiveCfg = Debug|Any CPU
		{63AC47EC-FDD6-4893-BF8C-938048209082}.Debug|Any CPU.Build.0 = Debug|Any CPU
		{63AC47EC-FDD6-4893-BF8C-938048209082}.Release|Any CPU.ActiveCfg = Release|Any CPU
		{63AC47EC-FDD6-4893-BF8C-938048209082}.Release|Any CPU.Build.0 = Release|Any CPU
		{20E31AC3-D64B-4E78-BA7E-0CDEEA55AE54}.Debug|Any CPU.ActiveCfg = Debug|Any CPU
		{20E31AC3-D64B-4E78-BA7E-0CDEEA55AE54}.Debug|Any CPU.Build.0 = Debug|Any CPU
		{20E31AC3-D64B-4E78-BA7E-0CDEEA55AE54}.Release|Any CPU.ActiveCfg = Release|Any CPU
		{20E31AC3-D64B-4E78-BA7E-0CDEEA55AE54}.Release|Any CPU.Build.0 = Release|Any CPU
	EndGlobalSection
	GlobalSection(SolutionProperties) = preSolution
		HideSolutionNode = FALSE
	EndGlobalSection
	GlobalSection(ExtensibilityGlobals) = postSolution
		SolutionGuid = {8E5CEFED-6645-4029-9E59-773BA7AEE6D8}
	EndGlobalSection
EndGlobal
